
Microsoft Visual Studio Solution File, Format Version 12.00
# Visual Studio Version 17
VisualStudioVersion = 17.11.35312.102
MinimumVisualStudioVersion = 10.0.40219.1
Project("{FAE04EC0-301F-11D3-BF4B-00C04F79EFBC}") = "DependencyInjectionExampleApp", "DependencyInjectionExampleApp\DependencyInjectionExampleApp.csproj", "{4BC531A5-C810-42AD-8194-1750D6E88DE4}"
EndProject
Global
	GlobalSection(SolutionConfigurationPlatforms) = preSolution
		Debug|Any CPU = Debug|Any CPU
		Release|Any CPU = Release|Any CPU
	EndGlobalSection
	GlobalSection(ProjectConfigurationPlatforms) = postSolution
		{4BC531A5-C810-42AD-8194-1750D6E88DE4}.Debug|Any CPU.ActiveCfg = Debug|Any CPU
		{4BC531A5-C810-42AD-8194-1750D6E88DE4}.Debug|Any CPU.Build.0 = Debug|Any CPU
		{4BC531A5-C810-42AD-8194-1750D6E88DE4}.Release|Any CPU.ActiveCfg = Release|Any CPU
		{4BC531A5-C810-42AD-8194-1750D6E88DE4}.Release|Any CPU.Build.0 = Release|Any CPU
	EndGlobalSection
	GlobalSection(SolutionProperties) = preSolution
		HideSolutionNode = FALSE
	EndGlobalSection
	GlobalSection(ExtensibilityGlobals) = postSolution
		SolutionGuid = {C87DC0AA-17C0-4A9A-A0B4-1996B02E895F}
	EndGlobalSection
EndGlobal
